
Microsoft Visual Studio Solution File, Format Version 12.00
# Visual Studio Version 17
VisualStudioVersion = 17.4.33110.190
MinimumVisualStudioVersion = 10.0.40219.1
Project("{2150E333-8FDC-42A3-9474-1A3956D46DE8}") = "Tests", "Tests", "{AE85EC39-6811-4FCE-ADCC-6F3EF59A6C0D}"
EndProject
Project("{9A19103F-16F7-4668-BE54-9A1E7A4F7556}") = "UnitTests", "UnitTests\UnitTests.csproj", "{FACD76CE-CD0B-47FB-AC72-DFBC7661D550}"
EndProject
Project("{9A19103F-16F7-4668-BE54-9A1E7A4F7556}") = "IntegrationTests", "IntegrationTests\IntegrationTests.csproj", "{2534E88C-4D9B-4E9D-9B91-6A9478BFCABE}"
EndProject
Project("{9A19103F-16F7-4668-BE54-9A1E7A4F7556}") = "TaskIt.Api", "TaskIt.Api\TaskIt.Api.csproj", "{D6E41F1C-2DDB-432D-B358-770D447C9946}"
EndProject
Project("{9A19103F-16F7-4668-BE54-9A1E7A4F7556}") = "TaskIt.Core", "TaskIt.Core\TaskIt.Core.csproj", "{28B08207-C4AD-4702-883E-26136039E65B}"
EndProject
Project("{9A19103F-16F7-4668-BE54-9A1E7A4F7556}") = "TaskIt.Adapter.Fake", "TaskIt.Adapter\TaskIt.Adapter.Fake.csproj", "{BE770929-1808-41E3-AAAA-DEC70C69B83F}"
EndProject
Project("{9A19103F-16F7-4668-BE54-9A1E7A4F7556}") = "TaskIt.Application", "TaskIt.Application\TaskIt.Application.csproj", "{7069924F-E714-4F4D-9D7B-C0E0B5A3E6AF}"
EndProject
Project("{FAE04EC0-301F-11D3-BF4B-00C04F79EFBC}") = "TaskIt.Adapter.SQL", "TaskIt.Adapter.SQL\TaskIt.Adapter.SQL.csproj", "{B9748362-B189-44AD-A7A5-ED5FECB03117}"
EndProject
Global
	GlobalSection(SolutionConfigurationPlatforms) = preSolution
		Debug|Any CPU = Debug|Any CPU
		Release|Any CPU = Release|Any CPU
	EndGlobalSection
	GlobalSection(ProjectConfigurationPlatforms) = postSolution
		{FACD76CE-CD0B-47FB-AC72-DFBC7661D550}.Debug|Any CPU.ActiveCfg = Debug|Any CPU
		{FACD76CE-CD0B-47FB-AC72-DFBC7661D550}.Debug|Any CPU.Build.0 = Debug|Any CPU
		{FACD76CE-CD0B-47FB-AC72-DFBC7661D550}.Release|Any CPU.ActiveCfg = Release|Any CPU
		{FACD76CE-CD0B-47FB-AC72-DFBC7661D550}.Release|Any CPU.Build.0 = Release|Any CPU
		{2534E88C-4D9B-4E9D-9B91-6A9478BFCABE}.Debug|Any CPU.ActiveCfg = Debug|Any CPU
		{2534E88C-4D9B-4E9D-9B91-6A9478BFCABE}.Debug|Any CPU.Build.0 = Debug|Any CPU
		{2534E88C-4D9B-4E9D-9B91-6A9478BFCABE}.Release|Any CPU.ActiveCfg = Release|Any CPU
		{2534E88C-4D9B-4E9D-9B91-6A9478BFCABE}.Release|Any CPU.Build.0 = Release|Any CPU
		{D6E41F1C-2DDB-432D-B358-770D447C9946}.Debug|Any CPU.ActiveCfg = Debug|Any CPU
		{D6E41F1C-2DDB-432D-B358-770D447C9946}.Debug|Any CPU.Build.0 = Debug|Any CPU
		{D6E41F1C-2DDB-432D-B358-770D447C9946}.Release|Any CPU.ActiveCfg = Release|Any CPU
		{D6E41F1C-2DDB-432D-B358-770D447C9946}.Release|Any CPU.Build.0 = Release|Any CPU
		{28B08207-C4AD-4702-883E-26136039E65B}.Debug|Any CPU.ActiveCfg = Debug|Any CPU
		{28B08207-C4AD-4702-883E-26136039E65B}.Debug|Any CPU.Build.0 = Debug|Any CPU
		{28B08207-C4AD-4702-883E-26136039E65B}.Release|Any CPU.ActiveCfg = Release|Any CPU
		{28B08207-C4AD-4702-883E-26136039E65B}.Release|Any CPU.Build.0 = Release|Any CPU
		{BE770929-1808-41E3-AAAA-DEC70C69B83F}.Debug|Any CPU.ActiveCfg = Debug|Any CPU
		{BE770929-1808-41E3-AAAA-DEC70C69B83F}.Debug|Any CPU.Build.0 = Debug|Any CPU
		{BE770929-1808-41E3-AAAA-DEC70C69B83F}.Release|Any CPU.ActiveCfg = Release|Any CPU
		{BE770929-1808-41E3-AAAA-DEC70C69B83F}.Release|Any CPU.Build.0 = Release|Any CPU
		{7069924F-E714-4F4D-9D7B-C0E0B5A3E6AF}.Debug|Any CPU.ActiveCfg = Debug|Any CPU
		{7069924F-E714-4F4D-9D7B-C0E0B5A3E6AF}.Debug|Any CPU.Build.0 = Debug|Any CPU
		{7069924F-E714-4F4D-9D7B-C0E0B5A3E6AF}.Release|Any CPU.ActiveCfg = Release|Any CPU
		{7069924F-E714-4F4D-9D7B-C0E0B5A3E6AF}.Release|Any CPU.Build.0 = Release|Any CPU
		{B9748362-B189-44AD-A7A5-ED5FECB03117}.Debug|Any CPU.ActiveCfg = Debug|Any CPU
		{B9748362-B189-44AD-A7A5-ED5FECB03117}.Debug|Any CPU.Build.0 = Debug|Any CPU
		{B9748362-B189-44AD-A7A5-ED5FECB03117}.Release|Any CPU.ActiveCfg = Release|Any CPU
		{B9748362-B189-44AD-A7A5-ED5FECB03117}.Release|Any CPU.Build.0 = Release|Any CPU
	EndGlobalSection
	GlobalSection(SolutionProperties) = preSolution
		HideSolutionNode = FALSE
	EndGlobalSection
	GlobalSection(NestedProjects) = preSolution
		{FACD76CE-CD0B-47FB-AC72-DFBC7661D550} = {AE85EC39-6811-4FCE-ADCC-6F3EF59A6C0D}
		{2534E88C-4D9B-4E9D-9B91-6A9478BFCABE} = {AE85EC39-6811-4FCE-ADCC-6F3EF59A6C0D}
	EndGlobalSection
	GlobalSection(ExtensibilityGlobals) = postSolution
		SolutionGuid = {9CB1657B-F448-4CC3-B6AD-539ECB641AFB}
	EndGlobalSection
EndGlobal
